
Microsoft Visual Studio Solution File, Format Version 12.00
# Visual Studio Version 16
VisualStudioVersion = 16.0.30413.136
MinimumVisualStudioVersion = 10.0.40219.1
Project("{FAE04EC0-301F-11D3-BF4B-00C04F79EFBC}") = "AllLongestStrings", "AllLongestStrings\AllLongestStrings.csproj", "{74551323-7DFB-4E69-9619-54D49A30E4C1}"
EndProject
Global
	GlobalSection(SolutionConfigurationPlatforms) = preSolution
		Debug|Any CPU = Debug|Any CPU
		Release|Any CPU = Release|Any CPU
	EndGlobalSection
	GlobalSection(ProjectConfigurationPlatforms) = postSolution
		{74551323-7DFB-4E69-9619-54D49A30E4C1}.Debug|Any CPU.ActiveCfg = Debug|Any CPU
		{74551323-7DFB-4E69-9619-54D49A30E4C1}.Debug|Any CPU.Build.0 = Debug|Any CPU
		{74551323-7DFB-4E69-9619-54D49A30E4C1}.Release|Any CPU.ActiveCfg = Release|Any CPU
		{74551323-7DFB-4E69-9619-54D49A30E4C1}.Release|Any CPU.Build.0 = Release|Any CPU
	EndGlobalSection
	GlobalSection(SolutionProperties) = preSolution
		HideSolutionNode = FALSE
	EndGlobalSection
	GlobalSection(ExtensibilityGlobals) = postSolution
		SolutionGuid = {FBC03459-4945-425A-ACA8-458E9A680E44}
	EndGlobalSection
EndGlobal
